<?xml version="1.0" encoding="utf-8"?>
<Project ToolsVersion="4.0" xmlns="http://schemas.microsoft.com/developer/msbuild/2003">
  <ItemGroup>
    <Filter Include="源文件">
      <UniqueIdentifier>{4FC737F1-C7A5-4376-A066-2A32D752A2FF}</UniqueIdentifier>
      <Extensions>cpp;c;cc;cxx;def;odl;idl;hpj;bat;asm;asmx</Extensions>
    </Filter>
    <Filter Include="头文件">
      <UniqueIdentifier>{93995380-89BD-4b04-88EB-625FBE52EBFB}</UniqueIdentifier>
      <Extensions>h;hpp;hxx;hm;inl;inc;xsd</Extensions>
    </Filter>
    <Filter Include="资源文件">
      <UniqueIdentifier>{67DA6AB6-F800-4c08-8B7A-83BB121AAD01}</UniqueIdentifier>
      <Extensions>rc;ico;cur;bmp;dlg;rc2;rct;bin;rgs;gif;jpg;jpeg;jpe;resx;tiff;tif;png;wav;mfcribbon-ms</Extensions>
    </Filter>
  </ItemGroup>
  <ItemGroup>
    <None Include="ReadMe.txt" />
    <None Include="EasyPlayerProActiveX.def">
      <Filter>源文件</Filter>
    </None>
    <None Include="EasyPlayerProActiveX.ico">
      <Filter>资源文件</Filter>
    </None>
    <None Include="EasyPlayerProActiveXCtrl.bmp">
      <Filter>资源文件</Filter>
    </None>
    <None Include="EasyPlayerProActiveX.lic" />
    <None Include="res\Easylogo.png">
      <Filter>资源文件</Filter>
    </None>
  </ItemGroup>
  <ItemGroup>
    <ClCompile Include="stdafx.cpp">
      <Filter>源文件</Filter>
    </ClCompile>
    <ClCompile Include="EasyPlayerProActiveX.cpp">
      <Filter>源文件</Filter>
    </ClCompile>
    <ClCompile Include="EasyPlayerProActiveXCtrl.cpp">
      <Filter>源文件</Filter>
    </ClCompile>
    <ClCompile Include="EasyPlayerProActiveXPropPage.cpp">
      <Filter>源文件</Filter>
    </ClCompile>
    <ClCompile Include="ImageEx.cpp">
      <Filter>源文件</Filter>
    </ClCompile>
    <ClCompile Include="MainVideoWnd.cpp">
      <Filter>源文件</Filter>
    </ClCompile>
    <ClCompile Include="EasyPlayerProManager.cpp">
      <Filter>源文件</Filter>
    </ClCompile>
  </ItemGroup>
  <ItemGroup>
    <ClInclude Include="stdafx.h">
      <Filter>头文件</Filter>
    </ClInclude>
    <ClInclude Include="targetver.h">
      <Filter>头文件</Filter>
    </ClInclude>
    <ClInclude Include="EasyPlayerProActiveX.h">
      <Filter>头文件</Filter>
    </ClInclude>
    <ClInclude Include="Resource.h">
      <Filter>头文件</Filter>
    </ClInclude>
    <ClInclude Include="EasyPlayerProActiveXCtrl.h">
      <Filter>头文件</Filter>
    </ClInclude>
    <ClInclude Include="EasyPlayerProActiveXPropPage.h">
      <Filter>头文件</Filter>
    </ClInclude>
    <ClInclude Include="ImageEx.h">
      <Filter>头文件</Filter>
    </ClInclude>
    <ClInclude Include="Macro.h">
      <Filter>头文件</Filter>
    </ClInclude>
    <ClInclude Include="MainVideoWnd.h">
      <Filter>头文件</Filter>
    </ClInclude>
    <ClInclude Include="EasyPlayerProManager.h">
      <Filter>头文件</Filter>
    </ClInclude>
  </ItemGroup>
  <ItemGroup>
    <ResourceCompile Include="EasyPlayerProActiveX.rc">
      <Filter>资源文件</Filter>
    </ResourceCompile>
  </ItemGroup>
  <ItemGroup>
    <Midl Include="EasyPlayerProActiveX.idl">
      <Filter>源文件</Filter>
    </Midl>
  </ItemGroup>
</Project>