
Microsoft Visual Studio Solution File, Format Version 12.00
# Visual Studio 14
VisualStudioVersion = 14.0.25420.1
MinimumVisualStudioVersion = 10.0.40219.1
Project("{FAE04EC0-301F-11D3-BF4B-00C04F79EFBC}") = "EasyPlayerProClient", "EasyPlayerProClient\EasyPlayerProClient.csproj", "{181C88B7-D723-4F56-BE93-C76FF8B0FD6F}"
EndProject
Project("{FAE04EC0-301F-11D3-BF4B-00C04F79EFBC}") = "EasyPlayerProSDK", "EasyPlayerProSDK\EasyPlayerProSDK.csproj", "{D7A31773-8465-4C68-8538-DFF0E7C49357}"
EndProject
Project("{2150E333-8FDC-42A3-9474-1A3956D46DE8}") = "Solution Items", "Solution Items", "{64F62012-0EB7-48CD-9654-90303C8A4135}"
EndProject
Project("{2150E333-8FDC-42A3-9474-1A3956D46DE8}") = "Lib", "Lib", "{5A4AED5D-E2B5-4839-ACBC-20911C84D44A}"
	ProjectSection(SolutionItems) = preProject
		Solution Items\Lib\D3DRender.dll = Solution Items\Lib\D3DRender.dll
		Solution Items\Lib\FFDecoder.dll = Solution Items\Lib\FFDecoder.dll
		Solution Items\Lib\FFEncoder.dll = Solution Items\Lib\FFEncoder.dll
		Solution Items\Lib\FFSource.dll = Solution Items\Lib\FFSource.dll
		Solution Items\Lib\libEasyPlayerPro.dll = Solution Items\Lib\libEasyPlayerPro.dll
	EndProjectSection
EndProject
Global
	GlobalSection(SolutionConfigurationPlatforms) = preSolution
		Debug|Any CPU = Debug|Any CPU
		Release|Any CPU = Release|Any CPU
	EndGlobalSection
	GlobalSection(ProjectConfigurationPlatforms) = postSolution
		{181C88B7-D723-4F56-BE93-C76FF8B0FD6F}.Debug|Any CPU.ActiveCfg = Debug|Any CPU
		{181C88B7-D723-4F56-BE93-C76FF8B0FD6F}.Debug|Any CPU.Build.0 = Debug|Any CPU
		{181C88B7-D723-4F56-BE93-C76FF8B0FD6F}.Release|Any CPU.ActiveCfg = Release|Any CPU
		{181C88B7-D723-4F56-BE93-C76FF8B0FD6F}.Release|Any CPU.Build.0 = Release|Any CPU
		{D7A31773-8465-4C68-8538-DFF0E7C49357}.Debug|Any CPU.ActiveCfg = Debug|Any CPU
		{D7A31773-8465-4C68-8538-DFF0E7C49357}.Debug|Any CPU.Build.0 = Debug|Any CPU
		{D7A31773-8465-4C68-8538-DFF0E7C49357}.Release|Any CPU.ActiveCfg = Release|Any CPU
		{D7A31773-8465-4C68-8538-DFF0E7C49357}.Release|Any CPU.Build.0 = Release|Any CPU
	EndGlobalSection
	GlobalSection(SolutionProperties) = preSolution
		HideSolutionNode = FALSE
	EndGlobalSection
	GlobalSection(NestedProjects) = preSolution
		{5A4AED5D-E2B5-4839-ACBC-20911C84D44A} = {64F62012-0EB7-48CD-9654-90303C8A4135}
	EndGlobalSection
EndGlobal
